// !$*UTF8*$!
{
	archiveVersion = 1;
	classes = {
	};
	objectVersion = 56;
	objects = {

/* Begin PBXBuildFile section */
		ED069C372BA8B57400EACF30 /* EukeladeApp.swift in Sources */ = {isa = PBXBuildFile; fileRef = ED069C362BA8B57400EACF30 /* EukeladeApp.swift */; };
		ED069C392BA8B57400EACF30 /* ContentView.swift in Sources */ = {isa = PBXBuildFile; fileRef = ED069C382BA8B57400EACF30 /* ContentView.swift */; };
		ED069C3B2BA8B57600EACF30 /* Assets.xcassets in Resources */ = {isa = PBXBuildFile; fileRef = ED069C3A2BA8B57600EACF30 /* Assets.xcassets */; };
		ED069C3E2BA8B57600EACF30 /* Preview Assets.xcassets in Resources */ = {isa = PBXBuildFile; fileRef = ED069C3D2BA8B57600EACF30 /* Preview Assets.xcassets */; };
		ED0B78DE2BA9D1DF00D4DD8B /* Fakery in Frameworks */ = {isa = PBXBuildFile; productRef = ED0B78DD2BA9D1DF00D4DD8B /* Fakery */; };
		ED1810422BA9625C00E2441C /* PeerManager.swift in Sources */ = {isa = PBXBuildFile; fileRef = ED1810412BA9625C00E2441C /* PeerManager.swift */; };
		ED8724592BA9C02800CE21AD /* PeerBrowserView.swift in Sources */ = {isa = PBXBuildFile; fileRef = ED8724582BA9C02800CE21AD /* PeerBrowserView.swift */; };
/* End PBXBuildFile section */

/* Begin PBXFileReference section */
		ED069C332BA8B57400EACF30 /* Eukelade.app */ = {isa = PBXFileReference; explicitFileType = wrapper.application; includeInIndex = 0; path = Eukelade.app; sourceTree = BUILT_PRODUCTS_DIR; };
		ED069C362BA8B57400EACF30 /* EukeladeApp.swift */ = {isa = PBXFileReference; lastKnownFileType = sourcecode.swift; path = EukeladeApp.swift; sourceTree = "<group>"; };
		ED069C382BA8B57400EACF30 /* ContentView.swift */ = {isa = PBXFileReference; lastKnownFileType = sourcecode.swift; path = ContentView.swift; sourceTree = "<group>"; };
		ED069C3A2BA8B57600EACF30 /* Assets.xcassets */ = {isa = PBXFileReference; lastKnownFileType = folder.assetcatalog; path = Assets.xcassets; sourceTree = "<group>"; };
		ED069C3D2BA8B57600EACF30 /* Preview Assets.xcassets */ = {isa = PBXFileReference; lastKnownFileType = folder.assetcatalog; path = "Preview Assets.xcassets"; sourceTree = "<group>"; };
		ED069C462BA8C6BD00EACF30 /* Info.plist */ = {isa = PBXFileReference; lastKnownFileType = text.plist; path = Info.plist; sourceTree = "<group>"; };
		ED1810412BA9625C00E2441C /* PeerManager.swift */ = {isa = PBXFileReference; lastKnownFileType = sourcecode.swift; path = PeerManager.swift; sourceTree = "<group>"; };
		ED8724582BA9C02800CE21AD /* PeerBrowserView.swift */ = {isa = PBXFileReference; lastKnownFileType = sourcecode.swift; path = PeerBrowserView.swift; sourceTree = "<group>"; };
/* End PBXFileReference section */

/* Begin PBXFrameworksBuildPhase section */
		ED069C302BA8B57400EACF30 /* Frameworks */ = {
			isa = PBXFrameworksBuildPhase;
			buildActionMask = 2147483647;
			files = (
				ED0B78DE2BA9D1DF00D4DD8B /* Fakery in Frameworks */,
			);
			runOnlyForDeploymentPostprocessing = 0;
		};
/* End PBXFrameworksBuildPhase section */

/* Begin PBXGroup section */
		ED069C2A2BA8B57400EACF30 = {
			isa = PBXGroup;
			children = (
				ED069C352BA8B57400EACF30 /* Eukelade */,
				ED069C342BA8B57400EACF30 /* Products */,
			);
			sourceTree = "<group>";
		};
		ED069C342BA8B57400EACF30 /* Products */ = {
			isa = PBXGroup;
			children = (
				ED069C332BA8B57400EACF30 /* Eukelade.app */,
			);
			name = Products;
			sourceTree = "<group>";
		};
		ED069C352BA8B57400EACF30 /* Eukelade */ = {
			isa = PBXGroup;
			children = (
				ED069C462BA8C6BD00EACF30 /* Info.plist */,
				ED069C362BA8B57400EACF30 /* EukeladeApp.swift */,
				ED069C382BA8B57400EACF30 /* ContentView.swift */,
				ED8724582BA9C02800CE21AD /* PeerBrowserView.swift */,
				ED1810412BA9625C00E2441C /* PeerManager.swift */,
				ED069C3A2BA8B57600EACF30 /* Assets.xcassets */,
				ED069C3C2BA8B57600EACF30 /* Preview Content */,
			);
			path = Eukelade;
			sourceTree = "<group>";
		};
		ED069C3C2BA8B57600EACF30 /* Preview Content */ = {
			isa = PBXGroup;
			children = (
				ED069C3D2BA8B57600EACF30 /* Preview Assets.xcassets */,
			);
			path = "Preview Content";
			sourceTree = "<group>";
		};
/* End PBXGroup section */

/* Begin PBXNativeTarget section */
		ED069C322BA8B57400EACF30 /* Eukelade */ = {
			isa = PBXNativeTarget;
			buildConfigurationList = ED069C412BA8B57600EACF30 /* Build configuration list for PBXNativeTarget "Eukelade" */;
			buildPhases = (
				ED069C2F2BA8B57400EACF30 /* Sources */,
				ED069C302BA8B57400EACF30 /* Frameworks */,
				ED069C312BA8B57400EACF30 /* Resources */,
			);
			buildRules = (
			);
			dependencies = (
			);
			name = Eukelade;
			packageProductDependencies = (
				ED0B78DD2BA9D1DF00D4DD8B /* Fakery */,
			);
			productName = Eukelade;
			productReference = ED069C332BA8B57400EACF30 /* Eukelade.app */;
			productType = "com.apple.product-type.application";
		};
/* End PBXNativeTarget section */

/* Begin PBXProject section */
		ED069C2B2BA8B57400EACF30 /* Project object */ = {
			isa = PBXProject;
			attributes = {
				BuildIndependentTargetsInParallel = 1;
				LastSwiftUpdateCheck = 1520;
				LastUpgradeCheck = 1520;
				TargetAttributes = {
					ED069C322BA8B57400EACF30 = {
						CreatedOnToolsVersion = 15.2;
					};
				};
			};
			buildConfigurationList = ED069C2E2BA8B57400EACF30 /* Build configuration list for PBXProject "Eukelade" */;
			compatibilityVersion = "Xcode 14.0";
			developmentRegion = "fr-CA";
			hasScannedForEncodings = 0;
			knownRegions = (
				"fr-CA",
			);
			mainGroup = ED069C2A2BA8B57400EACF30;
			packageReferences = (
				ED0B78DC2BA9D1DF00D4DD8B /* XCRemoteSwiftPackageReference "Fakery" */,
			);
			productRefGroup = ED069C342BA8B57400EACF30 /* Products */;
			projectDirPath = "";
			projectRoot = "";
			targets = (
				ED069C322BA8B57400EACF30 /* Eukelade */,
			);
		};
/* End PBXProject section */

/* Begin PBXResourcesBuildPhase section */
		ED069C312BA8B57400EACF30 /* Resources */ = {
			isa = PBXResourcesBuildPhase;
			buildActionMask = 2147483647;
			files = (
				ED069C3E2BA8B57600EACF30 /* Preview Assets.xcassets in Resources */,
				ED069C3B2BA8B57600EACF30 /* Assets.xcassets in Resources */,
			);
			runOnlyForDeploymentPostprocessing = 0;
		};
/* End PBXResourcesBuildPhase section */

/* Begin PBXSourcesBuildPhase section */
		ED069C2F2BA8B57400EACF30 /* Sources */ = {
			isa = PBXSourcesBuildPhase;
			buildActionMask = 2147483647;
			files = (
				ED8724592BA9C02800CE21AD /* PeerBrowserView.swift in Sources */,
				ED069C392BA8B57400EACF30 /* ContentView.swift in Sources */,
				ED069C372BA8B57400EACF30 /* EukeladeApp.swift in Sources */,
				ED1810422BA9625C00E2441C /* PeerManager.swift in Sources */,
			);
			runOnlyForDeploymentPostprocessing = 0;
		};
/* End PBXSourcesBuildPhase section */

/* Begin XCBuildConfiguration section */
		ED069C3F2BA8B57600EACF30 /* Debug */ = {
			isa = XCBuildConfiguration;
			buildSettings = {
				ALWAYS_SEARCH_USER_PATHS = NO;
				ASSETCATALOG_COMPILER_GENERATE_SWIFT_ASSET_SYMBOL_EXTENSIONS = YES;
				CLANG_ANALYZER_NONNULL = YES;
				CLANG_ANALYZER_NUMBER_OBJECT_CONVERSION = YES_AGGRESSIVE;
				CLANG_CXX_LANGUAGE_STANDARD = "gnu++20";
				CLANG_ENABLE_MODULES = YES;
				CLANG_ENABLE_OBJC_ARC = YES;
				CLANG_ENABLE_OBJC_WEAK = YES;
				CLANG_WARN_BLOCK_CAPTURE_AUTORELEASING = YES;
				CLANG_WARN_BOOL_CONVERSION = YES;
				CLANG_WARN_COMMA = YES;
				CLANG_WARN_CONSTANT_CONVERSION = YES;
				CLANG_WARN_DEPRECATED_OBJC_IMPLEMENTATIONS = YES;
				CLANG_WARN_DIRECT_OBJC_ISA_USAGE = YES_ERROR;
				CLANG_WARN_DOCUMENTATION_COMMENTS = YES;
				CLANG_WARN_EMPTY_BODY = YES;
				CLANG_WARN_ENUM_CONVERSION = YES;
				CLANG_WARN_INFINITE_RECURSION = YES;
				CLANG_WARN_INT_CONVERSION = YES;
				CLANG_WARN_NON_LITERAL_NULL_CONVERSION = YES;
				CLANG_WARN_OBJC_IMPLICIT_RETAIN_SELF = YES;
				CLANG_WARN_OBJC_LITERAL_CONVERSION = YES;
				CLANG_WARN_OBJC_ROOT_CLASS = YES_ERROR;
				CLANG_WARN_QUOTED_INCLUDE_IN_FRAMEWORK_HEADER = YES;
				CLANG_WARN_RANGE_LOOP_ANALYSIS = YES;
				CLANG_WARN_STRICT_PROTOTYPES = YES;
				CLANG_WARN_SUSPICIOUS_MOVE = YES;
				CLANG_WARN_UNGUARDED_AVAILABILITY = YES_AGGRESSIVE;
				CLANG_WARN_UNREACHABLE_CODE = YES;
				CLANG_WARN__DUPLICATE_METHOD_MATCH = YES;
				COPY_PHASE_STRIP = NO;
				DEBUG_INFORMATION_FORMAT = dwarf;
				ENABLE_STRICT_OBJC_MSGSEND = YES;
				ENABLE_TESTABILITY = YES;
				ENABLE_USER_SCRIPT_SANDBOXING = YES;
				GCC_C_LANGUAGE_STANDARD = gnu17;
				GCC_DYNAMIC_NO_PIC = NO;
				GCC_NO_COMMON_BLOCKS = YES;
				GCC_OPTIMIZATION_LEVEL = 0;
				GCC_PREPROCESSOR_DEFINITIONS = (
					"DEBUG=1",
					"$(inherited)",
				);
				GCC_WARN_64_TO_32_BIT_CONVERSION = YES;
				GCC_WARN_ABOUT_RETURN_TYPE = YES_ERROR;
				GCC_WARN_UNDECLARED_SELECTOR = YES;
				GCC_WARN_UNINITIALIZED_AUTOS = YES_AGGRESSIVE;
				GCC_WARN_UNUSED_FUNCTION = YES;
				GCC_WARN_UNUSED_VARIABLE = YES;
				IPHONEOS_DEPLOYMENT_TARGET = 17.2;
				LOCALIZATION_PREFERS_STRING_CATALOGS = YES;
				MTL_ENABLE_DEBUG_INFO = INCLUDE_SOURCE;
				MTL_FAST_MATH = YES;
				ONLY_ACTIVE_ARCH = YES;
				SDKROOT = iphoneos;
				SWIFT_ACTIVE_COMPILATION_CONDITIONS = "DEBUG $(inherited)";
				SWIFT_OPTIMIZATION_LEVEL = "-Onone";
			};
			name = Debug;
		};
		ED069C402BA8B57600EACF30 /* Release */ = {
			isa = XCBuildConfiguration;
			buildSettings = {
				ALWAYS_SEARCH_USER_PATHS = NO;
				ASSETCATALOG_COMPILER_GENERATE_SWIFT_ASSET_SYMBOL_EXTENSIONS = YES;
				CLANG_ANALYZER_NONNULL = YES;
				CLANG_ANALYZER_NUMBER_OBJECT_CONVERSION = YES_AGGRESSIVE;
				CLANG_CXX_LANGUAGE_STANDARD = "gnu++20";
				CLANG_ENABLE_MODULES = YES;
				CLANG_ENABLE_OBJC_ARC = YES;
				CLANG_ENABLE_OBJC_WEAK = YES;
				CLANG_WARN_BLOCK_CAPTURE_AUTORELEASING = YES;
				CLANG_WARN_BOOL_CONVERSION = YES;
				CLANG_WARN_COMMA = YES;
				CLANG_WARN_CONSTANT_CONVERSION = YES;
				CLANG_WARN_DEPRECATED_OBJC_IMPLEMENTATIONS = YES;
				CLANG_WARN_DIRECT_OBJC_ISA_USAGE = YES_ERROR;
				CLANG_WARN_DOCUMENTATION_COMMENTS = YES;
				CLANG_WARN_EMPTY_BODY = YES;
				CLANG_WARN_ENUM_CONVERSION = YES;
				CLANG_WARN_INFINITE_RECURSION = YES;
				CLANG_WARN_INT_CONVERSION = YES;
				CLANG_WARN_NON_LITERAL_NULL_CONVERSION = YES;
				CLANG_WARN_OBJC_IMPLICIT_RETAIN_SELF = YES;
				CLANG_WARN_OBJC_LITERAL_CONVERSION = YES;
				CLANG_WARN_OBJC_ROOT_CLASS = YES_ERROR;
				CLANG_WARN_QUOTED_INCLUDE_IN_FRAMEWORK_HEADER = YES;
				CLANG_WARN_RANGE_LOOP_ANALYSIS = YES;
				CLANG_WARN_STRICT_PROTOTYPES = YES;
				CLANG_WARN_SUSPICIOUS_MOVE = YES;
				CLANG_WARN_UNGUARDED_AVAILABILITY = YES_AGGRESSIVE;
				CLANG_WARN_UNREACHABLE_CODE = YES;
				CLANG_WARN__DUPLICATE_METHOD_MATCH = YES;
				COPY_PHASE_STRIP = NO;
				DEBUG_INFORMATION_FORMAT = "dwarf-with-dsym";
				ENABLE_NS_ASSERTIONS = NO;
				ENABLE_STRICT_OBJC_MSGSEND = YES;
				ENABLE_USER_SCRIPT_SANDBOXING = YES;
				GCC_C_LANGUAGE_STANDARD = gnu17;
				GCC_NO_COMMON_BLOCKS = YES;
				GCC_WARN_64_TO_32_BIT_CONVERSION = YES;
				GCC_WARN_ABOUT_RETURN_TYPE = YES_ERROR;
				GCC_WARN_UNDECLARED_SELECTOR = YES;
				GCC_WARN_UNINITIALIZED_AUTOS = YES_AGGRESSIVE;
				GCC_WARN_UNUSED_FUNCTION = YES;
				GCC_WARN_UNUSED_VARIABLE = YES;
				IPHONEOS_DEPLOYMENT_TARGET = 17.2;
				LOCALIZATION_PREFERS_STRING_CATALOGS = YES;
				MTL_ENABLE_DEBUG_INFO = NO;
				MTL_FAST_MATH = YES;
				SDKROOT = iphoneos;
				SWIFT_COMPILATION_MODE = wholemodule;
				VALIDATE_PRODUCT = YES;
			};
			name = Release;
		};
		ED069C422BA8B57600EACF30 /* Debug */ = {
			isa = XCBuildConfiguration;
			buildSettings = {
				ASSETCATALOG_COMPILER_APPICON_NAME = AppIcon;
				ASSETCATALOG_COMPILER_GLOBAL_ACCENT_COLOR_NAME = AccentColor;
				CODE_SIGN_STYLE = Automatic;
				CURRENT_PROJECT_VERSION = 1;
				DEVELOPMENT_ASSET_PATHS = "\"Eukelade/Preview Content\"";
				DEVELOPMENT_TEAM = G47K359F93;
				ENABLE_PREVIEWS = YES;
				GENERATE_INFOPLIST_FILE = YES;
				INFOPLIST_FILE = Eukelade/Info.plist;
				INFOPLIST_KEY_CFBundleDisplayName = "Eukélade";
				INFOPLIST_KEY_NSLocalNetworkUsageDescription = "Eukelade needs to use your phone’s data to discover devices nearby";
				INFOPLIST_KEY_UIApplicationSceneManifest_Generation = YES;
				INFOPLIST_KEY_UIApplicationSupportsIndirectInputEvents = YES;
				INFOPLIST_KEY_UILaunchScreen_Generation = YES;
				INFOPLIST_KEY_UISupportedInterfaceOrientations = "UIInterfaceOrientationPortrait UIInterfaceOrientationPortraitUpsideDown";
				INFOPLIST_KEY_UISupportedInterfaceOrientations_iPad = "UIInterfaceOrientationLandscapeLeft UIInterfaceOrientationLandscapeRight UIInterfaceOrientationPortrait UIInterfaceOrientationPortraitUpsideDown";
				LD_RUNPATH_SEARCH_PATHS = (
					"$(inherited)",
					"@executable_path/Frameworks",
				);
				MARKETING_VERSION = 1.0;
				PRODUCT_BUNDLE_IDENTIFIER = me.smartineau.Eukelade;
				PRODUCT_NAME = "$(TARGET_NAME)";
				SUPPORTED_PLATFORMS = "iphoneos iphonesimulator";
				SUPPORTS_MACCATALYST = NO;
				SUPPORTS_MAC_DESIGNED_FOR_IPHONE_IPAD = NO;
				SUPPORTS_XR_DESIGNED_FOR_IPHONE_IPAD = NO;
				SWIFT_EMIT_LOC_STRINGS = YES;
				SWIFT_VERSION = 5.0;
				TARGETED_DEVICE_FAMILY = 1;
			};
			name = Debug;
		};
		ED069C432BA8B57600EACF30 /* Release */ = {
			isa = XCBuildConfiguration;
			buildSettings = {
				ASSETCATALOG_COMPILER_APPICON_NAME = AppIcon;
				ASSETCATALOG_COMPILER_GLOBAL_ACCENT_COLOR_NAME = AccentColor;
				CODE_SIGN_STYLE = Automatic;
				CURRENT_PROJECT_VERSION = 1;
				DEVELOPMENT_ASSET_PATHS = "\"Eukelade/Preview Content\"";
				DEVELOPMENT_TEAM = G47K359F93;
				ENABLE_PREVIEWS = YES;
				GENERATE_INFOPLIST_FILE = YES;
				INFOPLIST_FILE = Eukelade/Info.plist;
				INFOPLIST_KEY_CFBundleDisplayName = "Eukélade";
				INFOPLIST_KEY_NSLocalNetworkUsageDescription = "Eukelade needs to use your phone’s data to discover devices nearby";
				INFOPLIST_KEY_UIApplicationSceneManifest_Generation = YES;
				INFOPLIST_KEY_UIApplicationSupportsIndirectInputEvents = YES;
				INFOPLIST_KEY_UILaunchScreen_Generation = YES;
				INFOPLIST_KEY_UISupportedInterfaceOrientations = "UIInterfaceOrientationPortrait UIInterfaceOrientationPortraitUpsideDown";
				INFOPLIST_KEY_UISupportedInterfaceOrientations_iPad = "UIInterfaceOrientationLandscapeLeft UIInterfaceOrientationLandscapeRight UIInterfaceOrientationPortrait UIInterfaceOrientationPortraitUpsideDown";
				LD_RUNPATH_SEARCH_PATHS = (
					"$(inherited)",
					"@executable_path/Frameworks",
				);
				MARKETING_VERSION = 1.0;
				PRODUCT_BUNDLE_IDENTIFIER = me.smartineau.Eukelade;
				PRODUCT_NAME = "$(TARGET_NAME)";
				SUPPORTED_PLATFORMS = "iphoneos iphonesimulator";
				SUPPORTS_MACCATALYST = NO;
				SUPPORTS_MAC_DESIGNED_FOR_IPHONE_IPAD = NO;
				SUPPORTS_XR_DESIGNED_FOR_IPHONE_IPAD = NO;
				SWIFT_EMIT_LOC_STRINGS = YES;
				SWIFT_VERSION = 5.0;
				TARGETED_DEVICE_FAMILY = 1;
			};
			name = Release;
		};
/* End XCBuildConfiguration section */

/* Begin XCConfigurationList section */
		ED069C2E2BA8B57400EACF30 /* Build configuration list for PBXProject "Eukelade" */ = {
			isa = XCConfigurationList;
			buildConfigurations = (
				ED069C3F2BA8B57600EACF30 /* Debug */,
				ED069C402BA8B57600EACF30 /* Release */,
			);
			defaultConfigurationIsVisible = 0;
			defaultConfigurationName = Release;
		};
		ED069C412BA8B57600EACF30 /* Build configuration list for PBXNativeTarget "Eukelade" */ = {
			isa = XCConfigurationList;
			buildConfigurations = (
				ED069C422BA8B57600EACF30 /* Debug */,
				ED069C432BA8B57600EACF30 /* Release */,
			);
			defaultConfigurationIsVisible = 0;
			defaultConfigurationName = Release;
		};
/* End XCConfigurationList section */

/* Begin XCRemoteSwiftPackageReference section */
		ED0B78DC2BA9D1DF00D4DD8B /* XCRemoteSwiftPackageReference "Fakery" */ = {
			isa = XCRemoteSwiftPackageReference;
			repositoryURL = "https://github.com/vadymmarkov/Fakery";
			requirement = {
				kind = upToNextMajorVersion;
				minimumVersion = 5.1.0;
			};
		};
/* End XCRemoteSwiftPackageReference section */

/* Begin XCSwiftPackageProductDependency section */
		ED0B78DD2BA9D1DF00D4DD8B /* Fakery */ = {
			isa = XCSwiftPackageProductDependency;
			package = ED0B78DC2BA9D1DF00D4DD8B /* XCRemoteSwiftPackageReference "Fakery" */;
			productName = Fakery;
		};
/* End XCSwiftPackageProductDependency section */
	};
	rootObject = ED069C2B2BA8B57400EACF30 /* Project object */;
}
